
Microsoft Visual Studio Solution File, Format Version 12.00
# Visual Studio 14
VisualStudioVersion = 14.0.23107.0
MinimumVisualStudioVersion = 10.0.40219.1
Project("{2150E333-8FDC-42A3-9474-1A3956D46DE8}") = "src", "src", "{4A836C0D-85F4-4202-A271-553CDC34A166}"
EndProject
Project("{2150E333-8FDC-42A3-9474-1A3956D46DE8}") = "Solution Items", "Solution Items", "{D728AD56-419E-43E2-B56E-CB02D7E27021}"
	ProjectSection(SolutionItems) = preProject
		global.json = global.json
	EndProjectSection
EndProject
Project("{8BB2217D-0F2D-49D1-97BC-3654ED321F3B}") = "GITFirstProject", "src\GITFirstProject\GITFirstProject.xproj", "{F65C8310-7BB7-4DAD-A8A3-49D0851B63FB}"
EndProject
Global
	GlobalSection(SolutionConfigurationPlatforms) = preSolution
		Debug|Any CPU = Debug|Any CPU
		Release|Any CPU = Release|Any CPU
	EndGlobalSection
	GlobalSection(ProjectConfigurationPlatforms) = postSolution
		{F65C8310-7BB7-4DAD-A8A3-49D0851B63FB}.Debug|Any CPU.ActiveCfg = Debug|Any CPU
		{F65C8310-7BB7-4DAD-A8A3-49D0851B63FB}.Debug|Any CPU.Build.0 = Debug|Any CPU
		{F65C8310-7BB7-4DAD-A8A3-49D0851B63FB}.Release|Any CPU.ActiveCfg = Release|Any CPU
		{F65C8310-7BB7-4DAD-A8A3-49D0851B63FB}.Release|Any CPU.Build.0 = Release|Any CPU
	EndGlobalSection
	GlobalSection(SolutionProperties) = preSolution
		HideSolutionNode = FALSE
	EndGlobalSection
	GlobalSection(NestedProjects) = preSolution
		{F65C8310-7BB7-4DAD-A8A3-49D0851B63FB} = {4A836C0D-85F4-4202-A271-553CDC34A166}
	EndGlobalSection
EndGlobal
